
Microsoft Visual Studio Solution File, Format Version 12.00
# Visual Studio Version 17
VisualStudioVersion = 17.7.34031.279
MinimumVisualStudioVersion = 10.0.40219.1
Project("{FAE04EC0-301F-11D3-BF4B-00C04F79EFBC}") = "TikettiDB", "TikettiDB.csproj", "{51135B36-6309-4E83-B1EA-32A2CA7C7CAA}"
EndProject
Project("{FAE04EC0-301F-11D3-BF4B-00C04F79EFBC}") = "TikettiDB.Tests", "..\TikettiDB.Tests\TikettiDB.Tests.csproj", "{34158C34-15E2-4819-84D3-7188C7551C6F}"
EndProject
Global
	GlobalSection(SolutionConfigurationPlatforms) = preSolution
		Debug|Any CPU = Debug|Any CPU
		Release|Any CPU = Release|Any CPU
	EndGlobalSection
	GlobalSection(ProjectConfigurationPlatforms) = postSolution
		{51135B36-6309-4E83-B1EA-32A2CA7C7CAA}.Debug|Any CPU.ActiveCfg = Debug|Any CPU
		{51135B36-6309-4E83-B1EA-32A2CA7C7CAA}.Debug|Any CPU.Build.0 = Debug|Any CPU
		{51135B36-6309-4E83-B1EA-32A2CA7C7CAA}.Release|Any CPU.ActiveCfg = Release|Any CPU
		{51135B36-6309-4E83-B1EA-32A2CA7C7CAA}.Release|Any CPU.Build.0 = Release|Any CPU
		{34158C34-15E2-4819-84D3-7188C7551C6F}.Debug|Any CPU.ActiveCfg = Debug|Any CPU
		{34158C34-15E2-4819-84D3-7188C7551C6F}.Debug|Any CPU.Build.0 = Debug|Any CPU
		{34158C34-15E2-4819-84D3-7188C7551C6F}.Release|Any CPU.ActiveCfg = Release|Any CPU
		{34158C34-15E2-4819-84D3-7188C7551C6F}.Release|Any CPU.Build.0 = Release|Any CPU
	EndGlobalSection
	GlobalSection(SolutionProperties) = preSolution
		HideSolutionNode = FALSE
	EndGlobalSection
	GlobalSection(ExtensibilityGlobals) = postSolution
		SolutionGuid = {FA03DDB5-3852-4053-AEC6-BF64C1432D11}
	EndGlobalSection
EndGlobal
